// !$*UTF8*$!
{
	archiveVersion = 1;
	classes = {
	};
	objectVersion = 50;
	objects = {

/* Begin PBXBuildFile section */
		0B119AF9260FE36000B0881C /* Assets.xcassets in Resources */ = {isa = PBXBuildFile; fileRef = 0B119AF8260FE36000B0881C /* Assets.xcassets */; };
		0B36B5E2261E0DCA00B0C195 /* Publisher+withLatestFrom.swift in Sources */ = {isa = PBXBuildFile; fileRef = 0B36B5E1261E0DCA00B0C195 /* Publisher+withLatestFrom.swift */; };
		0B36B602261E3BE100B0C195 /* RemoteSwiftUIView.swift in Sources */ = {isa = PBXBuildFile; fileRef = 0B36B601261E3BE100B0C195 /* RemoteSwiftUIView.swift */; };
		0B36B613261E5F1800B0C195 /* TableViewController.swift in Sources */ = {isa = PBXBuildFile; fileRef = 0B36B612261E5F1800B0C195 /* TableViewController.swift */; };
		0B68BD39260C2BC6006F4262 /* AppDelegate.swift in Sources */ = {isa = PBXBuildFile; fileRef = 0B68BD38260C2BC6006F4262 /* AppDelegate.swift */; };
		0B68BD3B260C2BC6006F4262 /* SceneDelegate.swift in Sources */ = {isa = PBXBuildFile; fileRef = 0B68BD3A260C2BC6006F4262 /* SceneDelegate.swift */; };
		0B68BD42260C2BC7006F4262 /* Assets.xcassets in Resources */ = {isa = PBXBuildFile; fileRef = 0B68BD41260C2BC7006F4262 /* Assets.xcassets */; };
		0B68BD45260C2BC7006F4262 /* LaunchScreen.storyboard in Resources */ = {isa = PBXBuildFile; fileRef = 0B68BD43260C2BC7006F4262 /* LaunchScreen.storyboard */; };
		0B68BD50260C2BC7006F4262 /* BubbleWhalerRemoteTests.swift in Sources */ = {isa = PBXBuildFile; fileRef = 0B68BD4F260C2BC7006F4262 /* BubbleWhalerRemoteTests.swift */; };
		0B68BD5B260C2BC7006F4262 /* BubbleWhalerRemoteUITests.swift in Sources */ = {isa = PBXBuildFile; fileRef = 0B68BD5A260C2BC7006F4262 /* BubbleWhalerRemoteUITests.swift */; };
		0B97DA17260D901200B50C37 /* BluetoothSerial.swift in Sources */ = {isa = PBXBuildFile; fileRef = 0B97DA16260D901200B50C37 /* BluetoothSerial.swift */; };
		0B97DA28260EA32D00B50C37 /* Color+CustomStyle.swift in Sources */ = {isa = PBXBuildFile; fileRef = 0B97DA27260EA32D00B50C37 /* Color+CustomStyle.swift */; };
		0B97DA33260EBF2F00B50C37 /* UIFont+CustomStyle.swift in Sources */ = {isa = PBXBuildFile; fileRef = 0B97DA32260EBF2F00B50C37 /* UIFont+CustomStyle.swift */; };
		0BF023EF261CBFEC003C1F73 /* BubbleWhaleViewController.swift in Sources */ = {isa = PBXBuildFile; fileRef = 0BF023EE261CBFEC003C1F73 /* BubbleWhaleViewController.swift */; };
		0BF023F4261CBFF3003C1F73 /* BubbleWhaleViewModel.swift in Sources */ = {isa = PBXBuildFile; fileRef = 0BF023F3261CBFF2003C1F73 /* BubbleWhaleViewModel.swift */; };
		0BF023FC261D077C003C1F73 /* BubbleWhale.swift in Sources */ = {isa = PBXBuildFile; fileRef = 0BF023FB261D077C003C1F73 /* BubbleWhale.swift */; };
		0BF0240D261D1DCF003C1F73 /* BluetoothInteractor.swift in Sources */ = {isa = PBXBuildFile; fileRef = 0BF0240C261D1DCF003C1F73 /* BluetoothInteractor.swift */; };
/* End PBXBuildFile section */

/* Begin PBXContainerItemProxy section */
		0B68BD4C260C2BC7006F4262 /* PBXContainerItemProxy */ = {
			isa = PBXContainerItemProxy;
			containerPortal = 0B68BD2D260C2BC6006F4262 /* Project object */;
			proxyType = 1;
			remoteGlobalIDString = 0B68BD34260C2BC6006F4262;
			remoteInfo = BubbleWhalerRemote;
		};
		0B68BD57260C2BC7006F4262 /* PBXContainerItemProxy */ = {
			isa = PBXContainerItemProxy;
			containerPortal = 0B68BD2D260C2BC6006F4262 /* Project object */;
			proxyType = 1;
			remoteGlobalIDString = 0B68BD34260C2BC6006F4262;
			remoteInfo = BubbleWhalerRemote;
		};
/* End PBXContainerItemProxy section */

/* Begin PBXFileReference section */
		0B119AF8260FE36000B0881C /* Assets.xcassets */ = {isa = PBXFileReference; lastKnownFileType = folder.assetcatalog; name = Assets.xcassets; path = ../../../AppIcons/Assets.xcassets; sourceTree = "<group>"; };
		0B36B5E1261E0DCA00B0C195 /* Publisher+withLatestFrom.swift */ = {isa = PBXFileReference; lastKnownFileType = sourcecode.swift; path = "Publisher+withLatestFrom.swift"; sourceTree = "<group>"; };
		0B36B601261E3BE100B0C195 /* RemoteSwiftUIView.swift */ = {isa = PBXFileReference; lastKnownFileType = sourcecode.swift; path = RemoteSwiftUIView.swift; sourceTree = "<group>"; };
		0B36B612261E5F1800B0C195 /* TableViewController.swift */ = {isa = PBXFileReference; lastKnownFileType = sourcecode.swift; path = TableViewController.swift; sourceTree = "<group>"; };
		0B68BD35260C2BC6006F4262 /* BubbleWhalerRemote.app */ = {isa = PBXFileReference; explicitFileType = wrapper.application; includeInIndex = 0; path = BubbleWhalerRemote.app; sourceTree = BUILT_PRODUCTS_DIR; };
		0B68BD38260C2BC6006F4262 /* AppDelegate.swift */ = {isa = PBXFileReference; lastKnownFileType = sourcecode.swift; path = AppDelegate.swift; sourceTree = "<group>"; };
		0B68BD3A260C2BC6006F4262 /* SceneDelegate.swift */ = {isa = PBXFileReference; lastKnownFileType = sourcecode.swift; path = SceneDelegate.swift; sourceTree = "<group>"; };
		0B68BD41260C2BC7006F4262 /* Assets.xcassets */ = {isa = PBXFileReference; lastKnownFileType = folder.assetcatalog; path = Assets.xcassets; sourceTree = "<group>"; };
		0B68BD44260C2BC7006F4262 /* Base */ = {isa = PBXFileReference; lastKnownFileType = file.storyboard; name = Base; path = Base.lproj/LaunchScreen.storyboard; sourceTree = "<group>"; };
		0B68BD46260C2BC7006F4262 /* Info.plist */ = {isa = PBXFileReference; lastKnownFileType = text.plist.xml; path = Info.plist; sourceTree = "<group>"; };
		0B68BD4B260C2BC7006F4262 /* BubbleWhalerRemoteTests.xctest */ = {isa = PBXFileReference; explicitFileType = wrapper.cfbundle; includeInIndex = 0; path = BubbleWhalerRemoteTests.xctest; sourceTree = BUILT_PRODUCTS_DIR; };
		0B68BD4F260C2BC7006F4262 /* BubbleWhalerRemoteTests.swift */ = {isa = PBXFileReference; lastKnownFileType = sourcecode.swift; path = BubbleWhalerRemoteTests.swift; sourceTree = "<group>"; };
		0B68BD51260C2BC7006F4262 /* Info.plist */ = {isa = PBXFileReference; lastKnownFileType = text.plist.xml; path = Info.plist; sourceTree = "<group>"; };
		0B68BD56260C2BC7006F4262 /* BubbleWhalerRemoteUITests.xctest */ = {isa = PBXFileReference; explicitFileType = wrapper.cfbundle; includeInIndex = 0; path = BubbleWhalerRemoteUITests.xctest; sourceTree = BUILT_PRODUCTS_DIR; };
		0B68BD5A260C2BC7006F4262 /* BubbleWhalerRemoteUITests.swift */ = {isa = PBXFileReference; lastKnownFileType = sourcecode.swift; path = BubbleWhalerRemoteUITests.swift; sourceTree = "<group>"; };
		0B68BD5C260C2BC7006F4262 /* Info.plist */ = {isa = PBXFileReference; lastKnownFileType = text.plist.xml; path = Info.plist; sourceTree = "<group>"; };
		0B97DA16260D901200B50C37 /* BluetoothSerial.swift */ = {isa = PBXFileReference; lastKnownFileType = sourcecode.swift; path = BluetoothSerial.swift; sourceTree = "<group>"; };
		0B97DA27260EA32D00B50C37 /* Color+CustomStyle.swift */ = {isa = PBXFileReference; lastKnownFileType = sourcecode.swift; path = "Color+CustomStyle.swift"; sourceTree = "<group>"; };
		0B97DA32260EBF2F00B50C37 /* UIFont+CustomStyle.swift */ = {isa = PBXFileReference; lastKnownFileType = sourcecode.swift; path = "UIFont+CustomStyle.swift"; sourceTree = "<group>"; };
		0BF023EE261CBFEC003C1F73 /* BubbleWhaleViewController.swift */ = {isa = PBXFileReference; fileEncoding = 4; lastKnownFileType = sourcecode.swift; path = BubbleWhaleViewController.swift; sourceTree = "<group>"; };
		0BF023F3261CBFF2003C1F73 /* BubbleWhaleViewModel.swift */ = {isa = PBXFileReference; fileEncoding = 4; lastKnownFileType = sourcecode.swift; path = BubbleWhaleViewModel.swift; sourceTree = "<group>"; };
		0BF023FB261D077C003C1F73 /* BubbleWhale.swift */ = {isa = PBXFileReference; fileEncoding = 4; lastKnownFileType = sourcecode.swift; path = BubbleWhale.swift; sourceTree = "<group>"; };
		0BF0240C261D1DCF003C1F73 /* BluetoothInteractor.swift */ = {isa = PBXFileReference; lastKnownFileType = sourcecode.swift; path = BluetoothInteractor.swift; sourceTree = "<group>"; };
/* End PBXFileReference section */

/* Begin PBXFrameworksBuildPhase section */
		0B68BD32260C2BC6006F4262 /* Frameworks */ = {
			isa = PBXFrameworksBuildPhase;
			buildActionMask = 2147483647;
			files = (
			);
			runOnlyForDeploymentPostprocessing = 0;
		};
		0B68BD48260C2BC7006F4262 /* Frameworks */ = {
			isa = PBXFrameworksBuildPhase;
			buildActionMask = 2147483647;
			files = (
			);
			runOnlyForDeploymentPostprocessing = 0;
		};
		0B68BD53260C2BC7006F4262 /* Frameworks */ = {
			isa = PBXFrameworksBuildPhase;
			buildActionMask = 2147483647;
			files = (
			);
			runOnlyForDeploymentPostprocessing = 0;
		};
/* End PBXFrameworksBuildPhase section */

/* Begin PBXGroup section */
		0B36B5E0261E0DB100B0C195 /* Extentions */ = {
			isa = PBXGroup;
			children = (
				0B97DA27260EA32D00B50C37 /* Color+CustomStyle.swift */,
				0B97DA32260EBF2F00B50C37 /* UIFont+CustomStyle.swift */,
				0B36B5E1261E0DCA00B0C195 /* Publisher+withLatestFrom.swift */,
			);
			path = Extentions;
			sourceTree = "<group>";
		};
		0B36B5E9261E1CF300B0C195 /* Bluetooth */ = {
			isa = PBXGroup;
			children = (
				0B97DA16260D901200B50C37 /* BluetoothSerial.swift */,
			);
			path = Bluetooth;
			sourceTree = "<group>";
		};
		0B36B5EA261E1D2000B0C195 /* App */ = {
			isa = PBXGroup;
			children = (
				0B68BD38260C2BC6006F4262 /* AppDelegate.swift */,
				0B68BD3A260C2BC6006F4262 /* SceneDelegate.swift */,
			);
			path = App;
			sourceTree = "<group>";
		};
		0B36B5EB261E1D5E00B0C195 /* Remote */ = {
			isa = PBXGroup;
			children = (
				0BF02403261D0B1A003C1F73 /* Interactor */,
				0BF023ED261CBFCB003C1F73 /* View */,
				0BF023EC261CBFC2003C1F73 /* Presentation */,
				0BF023EB261CBFB5003C1F73 /* Domain */,
			);
			path = Remote;
			sourceTree = "<group>";
		};
		0B36B609261E5D9F00B0C195 /* TitleScreen */ = {
			isa = PBXGroup;
			children = (
				0B36B612261E5F1800B0C195 /* TableViewController.swift */,
			);
			path = TitleScreen;
			sourceTree = "<group>";
		};
		0B68BD2C260C2BC6006F4262 = {
			isa = PBXGroup;
			children = (
				0B68BD37260C2BC6006F4262 /* BubbleWhalerRemote */,
				0B68BD4E260C2BC7006F4262 /* BubbleWhalerRemoteTests */,
				0B68BD59260C2BC7006F4262 /* BubbleWhalerRemoteUITests */,
				0B68BD36260C2BC6006F4262 /* Products */,
			);
			sourceTree = "<group>";
		};
		0B68BD36260C2BC6006F4262 /* Products */ = {
			isa = PBXGroup;
			children = (
				0B68BD35260C2BC6006F4262 /* BubbleWhalerRemote.app */,
				0B68BD4B260C2BC7006F4262 /* BubbleWhalerRemoteTests.xctest */,
				0B68BD56260C2BC7006F4262 /* BubbleWhalerRemoteUITests.xctest */,
			);
			name = Products;
			sourceTree = "<group>";
		};
		0B68BD37260C2BC6006F4262 /* BubbleWhalerRemote */ = {
			isa = PBXGroup;
			children = (
				0B36B5EA261E1D2000B0C195 /* App */,
				0B36B609261E5D9F00B0C195 /* TitleScreen */,
				0B36B5EB261E1D5E00B0C195 /* Remote */,
				0B36B5E9261E1CF300B0C195 /* Bluetooth */,
				0B36B5E0261E0DB100B0C195 /* Extentions */,
				0B68BD41260C2BC7006F4262 /* Assets.xcassets */,
				0B119AF8260FE36000B0881C /* Assets.xcassets */,
				0B68BD43260C2BC7006F4262 /* LaunchScreen.storyboard */,
				0B68BD46260C2BC7006F4262 /* Info.plist */,
			);
			path = BubbleWhalerRemote;
			sourceTree = "<group>";
		};
		0B68BD4E260C2BC7006F4262 /* BubbleWhalerRemoteTests */ = {
			isa = PBXGroup;
			children = (
				0B68BD4F260C2BC7006F4262 /* BubbleWhalerRemoteTests.swift */,
				0B68BD51260C2BC7006F4262 /* Info.plist */,
			);
			path = BubbleWhalerRemoteTests;
			sourceTree = "<group>";
		};
		0B68BD59260C2BC7006F4262 /* BubbleWhalerRemoteUITests */ = {
			isa = PBXGroup;
			children = (
				0B68BD5A260C2BC7006F4262 /* BubbleWhalerRemoteUITests.swift */,
				0B68BD5C260C2BC7006F4262 /* Info.plist */,
			);
			path = BubbleWhalerRemoteUITests;
			sourceTree = "<group>";
		};
		0BF023EB261CBFB5003C1F73 /* Domain */ = {
			isa = PBXGroup;
			children = (
				0BF023FB261D077C003C1F73 /* BubbleWhale.swift */,
			);
			path = Domain;
			sourceTree = "<group>";
		};
		0BF023EC261CBFC2003C1F73 /* Presentation */ = {
			isa = PBXGroup;
			children = (
				0BF023F3261CBFF2003C1F73 /* BubbleWhaleViewModel.swift */,
			);
			path = Presentation;
			sourceTree = "<group>";
		};
		0BF023ED261CBFCB003C1F73 /* View */ = {
			isa = PBXGroup;
			children = (
				0BF023EE261CBFEC003C1F73 /* BubbleWhaleViewController.swift */,
				0B36B601261E3BE100B0C195 /* RemoteSwiftUIView.swift */,
			);
			path = View;
			sourceTree = "<group>";
		};
		0BF02403261D0B1A003C1F73 /* Interactor */ = {
			isa = PBXGroup;
			children = (
				0BF0240C261D1DCF003C1F73 /* BluetoothInteractor.swift */,
			);
			path = Interactor;
			sourceTree = "<group>";
		};
/* End PBXGroup section */

/* Begin PBXNativeTarget section */
		0B68BD34260C2BC6006F4262 /* BubbleWhalerRemote */ = {
			isa = PBXNativeTarget;
			buildConfigurationList = 0B68BD5F260C2BC7006F4262 /* Build configuration list for PBXNativeTarget "BubbleWhalerRemote" */;
			buildPhases = (
				0B68BD31260C2BC6006F4262 /* Sources */,
				0B68BD32260C2BC6006F4262 /* Frameworks */,
				0B68BD33260C2BC6006F4262 /* Resources */,
			);
			buildRules = (
			);
			dependencies = (
			);
			name = BubbleWhalerRemote;
			productName = BubbleWhalerRemote;
			productReference = 0B68BD35260C2BC6006F4262 /* BubbleWhalerRemote.app */;
			productType = "com.apple.product-type.application";
		};
		0B68BD4A260C2BC7006F4262 /* BubbleWhalerRemoteTests */ = {
			isa = PBXNativeTarget;
			buildConfigurationList = 0B68BD62260C2BC7006F4262 /* Build configuration list for PBXNativeTarget "BubbleWhalerRemoteTests" */;
			buildPhases = (
				0B68BD47260C2BC7006F4262 /* Sources */,
				0B68BD48260C2BC7006F4262 /* Frameworks */,
				0B68BD49260C2BC7006F4262 /* Resources */,
			);
			buildRules = (
			);
			dependencies = (
				0B68BD4D260C2BC7006F4262 /* PBXTargetDependency */,
			);
			name = BubbleWhalerRemoteTests;
			productName = BubbleWhalerRemoteTests;
			productReference = 0B68BD4B260C2BC7006F4262 /* BubbleWhalerRemoteTests.xctest */;
			productType = "com.apple.product-type.bundle.unit-test";
		};
		0B68BD55260C2BC7006F4262 /* BubbleWhalerRemoteUITests */ = {
			isa = PBXNativeTarget;
			buildConfigurationList = 0B68BD65260C2BC7006F4262 /* Build configuration list for PBXNativeTarget "BubbleWhalerRemoteUITests" */;
			buildPhases = (
				0B68BD52260C2BC7006F4262 /* Sources */,
				0B68BD53260C2BC7006F4262 /* Frameworks */,
				0B68BD54260C2BC7006F4262 /* Resources */,
			);
			buildRules = (
			);
			dependencies = (
				0B68BD58260C2BC7006F4262 /* PBXTargetDependency */,
			);
			name = BubbleWhalerRemoteUITests;
			productName = BubbleWhalerRemoteUITests;
			productReference = 0B68BD56260C2BC7006F4262 /* BubbleWhalerRemoteUITests.xctest */;
			productType = "com.apple.product-type.bundle.ui-testing";
		};
/* End PBXNativeTarget section */

/* Begin PBXProject section */
		0B68BD2D260C2BC6006F4262 /* Project object */ = {
			isa = PBXProject;
			attributes = {
				LastSwiftUpdateCheck = 1240;
				LastUpgradeCheck = 1240;
				TargetAttributes = {
					0B68BD34260C2BC6006F4262 = {
						CreatedOnToolsVersion = 12.4;
					};
					0B68BD4A260C2BC7006F4262 = {
						CreatedOnToolsVersion = 12.4;
						TestTargetID = 0B68BD34260C2BC6006F4262;
					};
					0B68BD55260C2BC7006F4262 = {
						CreatedOnToolsVersion = 12.4;
						TestTargetID = 0B68BD34260C2BC6006F4262;
					};
				};
			};
			buildConfigurationList = 0B68BD30260C2BC6006F4262 /* Build configuration list for PBXProject "BubbleWhalerRemote" */;
			compatibilityVersion = "Xcode 9.3";
			developmentRegion = en;
			hasScannedForEncodings = 0;
			knownRegions = (
				en,
				Base,
			);
			mainGroup = 0B68BD2C260C2BC6006F4262;
			productRefGroup = 0B68BD36260C2BC6006F4262 /* Products */;
			projectDirPath = "";
			projectRoot = "";
			targets = (
				0B68BD34260C2BC6006F4262 /* BubbleWhalerRemote */,
				0B68BD4A260C2BC7006F4262 /* BubbleWhalerRemoteTests */,
				0B68BD55260C2BC7006F4262 /* BubbleWhalerRemoteUITests */,
			);
		};
/* End PBXProject section */

/* Begin PBXResourcesBuildPhase section */
		0B68BD33260C2BC6006F4262 /* Resources */ = {
			isa = PBXResourcesBuildPhase;
			buildActionMask = 2147483647;
			files = (
				0B68BD45260C2BC7006F4262 /* LaunchScreen.storyboard in Resources */,
				0B119AF9260FE36000B0881C /* Assets.xcassets in Resources */,
				0B68BD42260C2BC7006F4262 /* Assets.xcassets in Resources */,
			);
			runOnlyForDeploymentPostprocessing = 0;
		};
		0B68BD49260C2BC7006F4262 /* Resources */ = {
			isa = PBXResourcesBuildPhase;
			buildActionMask = 2147483647;
			files = (
			);
			runOnlyForDeploymentPostprocessing = 0;
		};
		0B68BD54260C2BC7006F4262 /* Resources */ = {
			isa = PBXResourcesBuildPhase;
			buildActionMask = 2147483647;
			files = (
			);
			runOnlyForDeploymentPostprocessing = 0;
		};
/* End PBXResourcesBuildPhase section */

/* Begin PBXSourcesBuildPhase section */
		0B68BD31260C2BC6006F4262 /* Sources */ = {
			isa = PBXSourcesBuildPhase;
			buildActionMask = 2147483647;
			files = (
				0BF023EF261CBFEC003C1F73 /* BubbleWhaleViewController.swift in Sources */,
				0B36B5E2261E0DCA00B0C195 /* Publisher+withLatestFrom.swift in Sources */,
				0B68BD39260C2BC6006F4262 /* AppDelegate.swift in Sources */,
				0B97DA17260D901200B50C37 /* BluetoothSerial.swift in Sources */,
				0B68BD3B260C2BC6006F4262 /* SceneDelegate.swift in Sources */,
				0BF0240D261D1DCF003C1F73 /* BluetoothInteractor.swift in Sources */,
				0B97DA28260EA32D00B50C37 /* Color+CustomStyle.swift in Sources */,
				0B36B613261E5F1800B0C195 /* TableViewController.swift in Sources */,
				0BF023FC261D077C003C1F73 /* BubbleWhale.swift in Sources */,
				0BF023F4261CBFF3003C1F73 /* BubbleWhaleViewModel.swift in Sources */,
				0B97DA33260EBF2F00B50C37 /* UIFont+CustomStyle.swift in Sources */,
				0B36B602261E3BE100B0C195 /* RemoteSwiftUIView.swift in Sources */,
			);
			runOnlyForDeploymentPostprocessing = 0;
		};
		0B68BD47260C2BC7006F4262 /* Sources */ = {
			isa = PBXSourcesBuildPhase;
			buildActionMask = 2147483647;
			files = (
				0B68BD50260C2BC7006F4262 /* BubbleWhalerRemoteTests.swift in Sources */,
			);
			runOnlyForDeploymentPostprocessing = 0;
		};
		0B68BD52260C2BC7006F4262 /* Sources */ = {
			isa = PBXSourcesBuildPhase;
			buildActionMask = 2147483647;
			files = (
				0B68BD5B260C2BC7006F4262 /* BubbleWhalerRemoteUITests.swift in Sources */,
			);
			runOnlyForDeploymentPostprocessing = 0;
		};
/* End PBXSourcesBuildPhase section */

/* Begin PBXTargetDependency section */
		0B68BD4D260C2BC7006F4262 /* PBXTargetDependency */ = {
			isa = PBXTargetDependency;
			target = 0B68BD34260C2BC6006F4262 /* BubbleWhalerRemote */;
			targetProxy = 0B68BD4C260C2BC7006F4262 /* PBXContainerItemProxy */;
		};
		0B68BD58260C2BC7006F4262 /* PBXTargetDependency */ = {
			isa = PBXTargetDependency;
			target = 0B68BD34260C2BC6006F4262 /* BubbleWhalerRemote */;
			targetProxy = 0B68BD57260C2BC7006F4262 /* PBXContainerItemProxy */;
		};
/* End PBXTargetDependency section */

/* Begin PBXVariantGroup section */
		0B68BD43260C2BC7006F4262 /* LaunchScreen.storyboard */ = {
			isa = PBXVariantGroup;
			children = (
				0B68BD44260C2BC7006F4262 /* Base */,
			);
			name = LaunchScreen.storyboard;
			sourceTree = "<group>";
		};
/* End PBXVariantGroup section */

/* Begin XCBuildConfiguration section */
		0B68BD5D260C2BC7006F4262 /* Debug */ = {
			isa = XCBuildConfiguration;
			buildSettings = {
				ALWAYS_SEARCH_USER_PATHS = NO;
				CLANG_ANALYZER_NONNULL = YES;
				CLANG_ANALYZER_NUMBER_OBJECT_CONVERSION = YES_AGGRESSIVE;
				CLANG_CXX_LANGUAGE_STANDARD = "gnu++14";
				CLANG_CXX_LIBRARY = "libc++";
				CLANG_ENABLE_MODULES = YES;
				CLANG_ENABLE_OBJC_ARC = YES;
				CLANG_ENABLE_OBJC_WEAK = YES;
				CLANG_WARN_BLOCK_CAPTURE_AUTORELEASING = YES;
				CLANG_WARN_BOOL_CONVERSION = YES;
				CLANG_WARN_COMMA = YES;
				CLANG_WARN_CONSTANT_CONVERSION = YES;
				CLANG_WARN_DEPRECATED_OBJC_IMPLEMENTATIONS = YES;
				CLANG_WARN_DIRECT_OBJC_ISA_USAGE = YES_ERROR;
				CLANG_WARN_DOCUMENTATION_COMMENTS = YES;
				CLANG_WARN_EMPTY_BODY = YES;
				CLANG_WARN_ENUM_CONVERSION = YES;
				CLANG_WARN_INFINITE_RECURSION = YES;
				CLANG_WARN_INT_CONVERSION = YES;
				CLANG_WARN_NON_LITERAL_NULL_CONVERSION = YES;
				CLANG_WARN_OBJC_IMPLICIT_RETAIN_SELF = YES;
				CLANG_WARN_OBJC_LITERAL_CONVERSION = YES;
				CLANG_WARN_OBJC_ROOT_CLASS = YES_ERROR;
				CLANG_WARN_QUOTED_INCLUDE_IN_FRAMEWORK_HEADER = YES;
				CLANG_WARN_RANGE_LOOP_ANALYSIS = YES;
				CLANG_WARN_STRICT_PROTOTYPES = YES;
				CLANG_WARN_SUSPICIOUS_MOVE = YES;
				CLANG_WARN_UNGUARDED_AVAILABILITY = YES_AGGRESSIVE;
				CLANG_WARN_UNREACHABLE_CODE = YES;
				CLANG_WARN__DUPLICATE_METHOD_MATCH = YES;
				COPY_PHASE_STRIP = NO;
				DEBUG_INFORMATION_FORMAT = dwarf;
				ENABLE_STRICT_OBJC_MSGSEND = YES;
				ENABLE_TESTABILITY = YES;
				GCC_C_LANGUAGE_STANDARD = gnu11;
				GCC_DYNAMIC_NO_PIC = NO;
				GCC_NO_COMMON_BLOCKS = YES;
				GCC_OPTIMIZATION_LEVEL = 0;
				GCC_PREPROCESSOR_DEFINITIONS = (
					"DEBUG=1",
					"$(inherited)",
				);
				GCC_WARN_64_TO_32_BIT_CONVERSION = YES;
				GCC_WARN_ABOUT_RETURN_TYPE = YES_ERROR;
				GCC_WARN_UNDECLARED_SELECTOR = YES;
				GCC_WARN_UNINITIALIZED_AUTOS = YES_AGGRESSIVE;
				GCC_WARN_UNUSED_FUNCTION = YES;
				GCC_WARN_UNUSED_VARIABLE = YES;
				IPHONEOS_DEPLOYMENT_TARGET = 14.4;
				MTL_ENABLE_DEBUG_INFO = INCLUDE_SOURCE;
				MTL_FAST_MATH = YES;
				ONLY_ACTIVE_ARCH = YES;
				SDKROOT = iphoneos;
				SWIFT_ACTIVE_COMPILATION_CONDITIONS = DEBUG;
				SWIFT_OPTIMIZATION_LEVEL = "-Onone";
			};
			name = Debug;
		};
		0B68BD5E260C2BC7006F4262 /* Release */ = {
			isa = XCBuildConfiguration;
			buildSettings = {
				ALWAYS_SEARCH_USER_PATHS = NO;
				CLANG_ANALYZER_NONNULL = YES;
				CLANG_ANALYZER_NUMBER_OBJECT_CONVERSION = YES_AGGRESSIVE;
				CLANG_CXX_LANGUAGE_STANDARD = "gnu++14";
				CLANG_CXX_LIBRARY = "libc++";
				CLANG_ENABLE_MODULES = YES;
				CLANG_ENABLE_OBJC_ARC = YES;
				CLANG_ENABLE_OBJC_WEAK = YES;
				CLANG_WARN_BLOCK_CAPTURE_AUTORELEASING = YES;
				CLANG_WARN_BOOL_CONVERSION = YES;
				CLANG_WARN_COMMA = YES;
				CLANG_WARN_CONSTANT_CONVERSION = YES;
				CLANG_WARN_DEPRECATED_OBJC_IMPLEMENTATIONS = YES;
				CLANG_WARN_DIRECT_OBJC_ISA_USAGE = YES_ERROR;
				CLANG_WARN_DOCUMENTATION_COMMENTS = YES;
				CLANG_WARN_EMPTY_BODY = YES;
				CLANG_WARN_ENUM_CONVERSION = YES;
				CLANG_WARN_INFINITE_RECURSION = YES;
				CLANG_WARN_INT_CONVERSION = YES;
				CLANG_WARN_NON_LITERAL_NULL_CONVERSION = YES;
				CLANG_WARN_OBJC_IMPLICIT_RETAIN_SELF = YES;
				CLANG_WARN_OBJC_LITERAL_CONVERSION = YES;
				CLANG_WARN_OBJC_ROOT_CLASS = YES_ERROR;
				CLANG_WARN_QUOTED_INCLUDE_IN_FRAMEWORK_HEADER = YES;
				CLANG_WARN_RANGE_LOOP_ANALYSIS = YES;
				CLANG_WARN_STRICT_PROTOTYPES = YES;
				CLANG_WARN_SUSPICIOUS_MOVE = YES;
				CLANG_WARN_UNGUARDED_AVAILABILITY = YES_AGGRESSIVE;
				CLANG_WARN_UNREACHABLE_CODE = YES;
				CLANG_WARN__DUPLICATE_METHOD_MATCH = YES;
				COPY_PHASE_STRIP = NO;
				DEBUG_INFORMATION_FORMAT = "dwarf-with-dsym";
				ENABLE_NS_ASSERTIONS = NO;
				ENABLE_STRICT_OBJC_MSGSEND = YES;
				GCC_C_LANGUAGE_STANDARD = gnu11;
				GCC_NO_COMMON_BLOCKS = YES;
				GCC_WARN_64_TO_32_BIT_CONVERSION = YES;
				GCC_WARN_ABOUT_RETURN_TYPE = YES_ERROR;
				GCC_WARN_UNDECLARED_SELECTOR = YES;
				GCC_WARN_UNINITIALIZED_AUTOS = YES_AGGRESSIVE;
				GCC_WARN_UNUSED_FUNCTION = YES;
				GCC_WARN_UNUSED_VARIABLE = YES;
				IPHONEOS_DEPLOYMENT_TARGET = 14.4;
				MTL_ENABLE_DEBUG_INFO = NO;
				MTL_FAST_MATH = YES;
				SDKROOT = iphoneos;
				SWIFT_COMPILATION_MODE = wholemodule;
				SWIFT_OPTIMIZATION_LEVEL = "-O";
				VALIDATE_PRODUCT = YES;
			};
			name = Release;
		};
		0B68BD60260C2BC7006F4262 /* Debug */ = {
			isa = XCBuildConfiguration;
			buildSettings = {
				ASSETCATALOG_COMPILER_APPICON_NAME = AppIcon;
				ASSETCATALOG_COMPILER_GLOBAL_ACCENT_COLOR_NAME = AccentColor;
				CODE_SIGN_STYLE = Automatic;
				DEVELOPMENT_TEAM = L688AU9RCV;
				INFOPLIST_FILE = BubbleWhalerRemote/Info.plist;
				LD_RUNPATH_SEARCH_PATHS = (
					"$(inherited)",
					"@executable_path/Frameworks",
				);
				PRODUCT_BUNDLE_IDENTIFIER = com.spencersymington.BubbleWhalerRemote;
				PRODUCT_NAME = "$(TARGET_NAME)";
				SWIFT_VERSION = 5.0;
				TARGETED_DEVICE_FAMILY = "1,2";
			};
			name = Debug;
		};
		0B68BD61260C2BC7006F4262 /* Release */ = {
			isa = XCBuildConfiguration;
			buildSettings = {
				ASSETCATALOG_COMPILER_APPICON_NAME = AppIcon;
				ASSETCATALOG_COMPILER_GLOBAL_ACCENT_COLOR_NAME = AccentColor;
				CODE_SIGN_STYLE = Automatic;
				DEVELOPMENT_TEAM = L688AU9RCV;
				INFOPLIST_FILE = BubbleWhalerRemote/Info.plist;
				LD_RUNPATH_SEARCH_PATHS = (
					"$(inherited)",
					"@executable_path/Frameworks",
				);
				PRODUCT_BUNDLE_IDENTIFIER = com.spencersymington.BubbleWhalerRemote;
				PRODUCT_NAME = "$(TARGET_NAME)";
				SWIFT_VERSION = 5.0;
				TARGETED_DEVICE_FAMILY = "1,2";
			};
			name = Release;
		};
		0B68BD63260C2BC7006F4262 /* Debug */ = {
			isa = XCBuildConfiguration;
			buildSettings = {
				ALWAYS_EMBED_SWIFT_STANDARD_LIBRARIES = YES;
				BUNDLE_LOADER = "$(TEST_HOST)";
				CODE_SIGN_STYLE = Automatic;
				DEVELOPMENT_TEAM = L688AU9RCV;
				INFOPLIST_FILE = BubbleWhalerRemoteTests/Info.plist;
				IPHONEOS_DEPLOYMENT_TARGET = 14.4;
				LD_RUNPATH_SEARCH_PATHS = (
					"$(inherited)",
					"@executable_path/Frameworks",
					"@loader_path/Frameworks",
				);
				PRODUCT_BUNDLE_IDENTIFIER = com.spencersymington.BubbleWhalerRemoteTests;
				PRODUCT_NAME = "$(TARGET_NAME)";
				SWIFT_VERSION = 5.0;
				TARGETED_DEVICE_FAMILY = "1,2";
				TEST_HOST = "$(BUILT_PRODUCTS_DIR)/BubbleWhalerRemote.app/BubbleWhalerRemote";
			};
			name = Debug;
		};
		0B68BD64260C2BC7006F4262 /* Release */ = {
			isa = XCBuildConfiguration;
			buildSettings = {
				ALWAYS_EMBED_SWIFT_STANDARD_LIBRARIES = YES;
				BUNDLE_LOADER = "$(TEST_HOST)";
				CODE_SIGN_STYLE = Automatic;
				DEVELOPMENT_TEAM = L688AU9RCV;
				INFOPLIST_FILE = BubbleWhalerRemoteTests/Info.plist;
				IPHONEOS_DEPLOYMENT_TARGET = 14.4;
				LD_RUNPATH_SEARCH_PATHS = (
					"$(inherited)",
					"@executable_path/Frameworks",
					"@loader_path/Frameworks",
				);
				PRODUCT_BUNDLE_IDENTIFIER = com.spencersymington.BubbleWhalerRemoteTests;
				PRODUCT_NAME = "$(TARGET_NAME)";
				SWIFT_VERSION = 5.0;
				TARGETED_DEVICE_FAMILY = "1,2";
				TEST_HOST = "$(BUILT_PRODUCTS_DIR)/BubbleWhalerRemote.app/BubbleWhalerRemote";
			};
			name = Release;
		};
		0B68BD66260C2BC7006F4262 /* Debug */ = {
			isa = XCBuildConfiguration;
			buildSettings = {
				ALWAYS_EMBED_SWIFT_STANDARD_LIBRARIES = YES;
				CODE_SIGN_STYLE = Automatic;
				DEVELOPMENT_TEAM = L688AU9RCV;
				INFOPLIST_FILE = BubbleWhalerRemoteUITests/Info.plist;
				LD_RUNPATH_SEARCH_PATHS = (
					"$(inherited)",
					"@executable_path/Frameworks",
					"@loader_path/Frameworks",
				);
				PRODUCT_BUNDLE_IDENTIFIER = com.spencersymington.BubbleWhalerRemoteUITests;
				PRODUCT_NAME = "$(TARGET_NAME)";
				SWIFT_VERSION = 5.0;
				TARGETED_DEVICE_FAMILY = "1,2";
				TEST_TARGET_NAME = BubbleWhalerRemote;
			};
			name = Debug;
		};
		0B68BD67260C2BC7006F4262 /* Release */ = {
			isa = XCBuildConfiguration;
			buildSettings = {
				ALWAYS_EMBED_SWIFT_STANDARD_LIBRARIES = YES;
				CODE_SIGN_STYLE = Automatic;
				DEVELOPMENT_TEAM = L688AU9RCV;
				INFOPLIST_FILE = BubbleWhalerRemoteUITests/Info.plist;
				LD_RUNPATH_SEARCH_PATHS = (
					"$(inherited)",
					"@executable_path/Frameworks",
					"@loader_path/Frameworks",
				);
				PRODUCT_BUNDLE_IDENTIFIER = com.spencersymington.BubbleWhalerRemoteUITests;
				PRODUCT_NAME = "$(TARGET_NAME)";
				SWIFT_VERSION = 5.0;
				TARGETED_DEVICE_FAMILY = "1,2";
				TEST_TARGET_NAME = BubbleWhalerRemote;
			};
			name = Release;
		};
/* End XCBuildConfiguration section */

/* Begin XCConfigurationList section */
		0B68BD30260C2BC6006F4262 /* Build configuration list for PBXProject "BubbleWhalerRemote" */ = {
			isa = XCConfigurationList;
			buildConfigurations = (
				0B68BD5D260C2BC7006F4262 /* Debug */,
				0B68BD5E260C2BC7006F4262 /* Release */,
			);
			defaultConfigurationIsVisible = 0;
			defaultConfigurationName = Release;
		};
		0B68BD5F260C2BC7006F4262 /* Build configuration list for PBXNativeTarget "BubbleWhalerRemote" */ = {
			isa = XCConfigurationList;
			buildConfigurations = (
				0B68BD60260C2BC7006F4262 /* Debug */,
				0B68BD61260C2BC7006F4262 /* Release */,
			);
			defaultConfigurationIsVisible = 0;
			defaultConfigurationName = Release;
		};
		0B68BD62260C2BC7006F4262 /* Build configuration list for PBXNativeTarget "BubbleWhalerRemoteTests" */ = {
			isa = XCConfigurationList;
			buildConfigurations = (
				0B68BD63260C2BC7006F4262 /* Debug */,
				0B68BD64260C2BC7006F4262 /* Release */,
			);
			defaultConfigurationIsVisible = 0;
			defaultConfigurationName = Release;
		};
		0B68BD65260C2BC7006F4262 /* Build configuration list for PBXNativeTarget "BubbleWhalerRemoteUITests" */ = {
			isa = XCConfigurationList;
			buildConfigurations = (
				0B68BD66260C2BC7006F4262 /* Debug */,
				0B68BD67260C2BC7006F4262 /* Release */,
			);
			defaultConfigurationIsVisible = 0;
			defaultConfigurationName = Release;
		};
/* End XCConfigurationList section */
	};
	rootObject = 0B68BD2D260C2BC6006F4262 /* Project object */;
}
